Microsoft Visual Studio Solution File, Format Version 11.00
# Visual Studio 2008

Project("{138CB807-2C2E-40F3-6D19-B408FD9EA210}") = "08_06_2017", "Assembly-CSharp.csproj", "{BFE685C0-93CD-D768-C356-41014C0353A4}"
EndProject
Global
	GlobalSection(SolutionConfigurationPlatforms) = preSolution
		Debug|Any CPU = Debug|Any CPU
		Release|Any CPU = Release|Any CPU
	EndGlobalSection
	GlobalSection(ProjectConfigurationPlatforms) = postSolution
		{BFE685C0-93CD-D768-C356-41014C0353A4}.Debug|Any CPU.ActiveCfg = Debug|Any CPU
		{BFE685C0-93CD-D768-C356-41014C0353A4}.Debug|Any CPU.Build.0 = Debug|Any CPU
		{BFE685C0-93CD-D768-C356-41014C0353A4}.Release|Any CPU.ActiveCfg = Release|Any CPU
		{BFE685C0-93CD-D768-C356-41014C0353A4}.Release|Any CPU.Build.0 = Release|Any CPU
	EndGlobalSection
	GlobalSection(SolutionProperties) = preSolution
		HideSolutionNode = FALSE
	EndGlobalSection
	GlobalSection(MonoDevelopProperties) = preSolution
		StartupItem = Assembly-CSharp.csproj
	EndGlobalSection
EndGlobal
