Microsoft Visual Studio Solution File, Format Version 11.00
# Visual Studio 2008

Project("{2804476B-A1D3-1433-AD34-E01702A75EF1}") = "RajatK_ISU_05_06_17", "Assembly-CSharp.csproj", "{3EBF3E3A-0CA5-12CE-DFB7-04827A0B27E3}"
EndProject
Global
	GlobalSection(SolutionConfigurationPlatforms) = preSolution
		Debug|Any CPU = Debug|Any CPU
		Release|Any CPU = Release|Any CPU
	EndGlobalSection
	GlobalSection(ProjectConfigurationPlatforms) = postSolution
		{3EBF3E3A-0CA5-12CE-DFB7-04827A0B27E3}.Debug|Any CPU.ActiveCfg = Debug|Any CPU
		{3EBF3E3A-0CA5-12CE-DFB7-04827A0B27E3}.Debug|Any CPU.Build.0 = Debug|Any CPU
		{3EBF3E3A-0CA5-12CE-DFB7-04827A0B27E3}.Release|Any CPU.ActiveCfg = Release|Any CPU
		{3EBF3E3A-0CA5-12CE-DFB7-04827A0B27E3}.Release|Any CPU.Build.0 = Release|Any CPU
	EndGlobalSection
	GlobalSection(SolutionProperties) = preSolution
		HideSolutionNode = FALSE
	EndGlobalSection
	GlobalSection(MonoDevelopProperties) = preSolution
		StartupItem = Assembly-CSharp.csproj
	EndGlobalSection
EndGlobal
